{
  "name": "simple-selector",
  "version": "1.0.3",
  "lockfileVersion": 1,
  "requires": true,
  "dependencies": {
    "@meteora-digital/template": {
      "version": "1.0.1",
      "resolved": "https://registry.npmjs.org/@meteora-digital/template/-/template-1.0.1.tgz",
      "integrity": "sha512-zPIptI518yy/Yqm0U6aQNl4KoMFJu2N7xyOYtAolo2zTp1oEE2DeIQDf/ba4VpX0Z1D8096wz37xchx8vbyyHg=="
    }
  }
}
